{
  "name": "paohvis-frontend",
  "version": "0.0.0",
  "lockfileVersion": 1,
  "requires": true,
  "dependencies": {
    "fastbitset": {
      "version": "0.2.8",
      "resolved": "https://registry.npmjs.org/fastbitset/-/fastbitset-0.2.8.tgz",
      "integrity": "sha512-OT0+4y2vxtkmvbxwfM3jbsylIQmB9xtgzraAiBcAz3xDLUG5Y1DwZrQNeKWt7myPsB5rHwdzenFXQq7YR+jMTQ=="
    }
  }
}
